// !$*UTF8*$!
{
	archiveVersion = 1;
	classes = {
	};
	objectVersion = 46;
	objects = {

/* Begin PBXBuildFile section */
		3D01168A1D8E2AFD0078D731 /* PokemonDetailVC.swift in Sources */ = {isa = PBXBuildFile; fileRef = 3D0116891D8E2AFD0078D731 /* PokemonDetailVC.swift */; };
		3DE93E4D1D886DBE004BF795 /* AppDelegate.swift in Sources */ = {isa = PBXBuildFile; fileRef = 3DE93E4C1D886DBE004BF795 /* AppDelegate.swift */; };
		3DE93E4F1D886DBE004BF795 /* ViewController.swift in Sources */ = {isa = PBXBuildFile; fileRef = 3DE93E4E1D886DBE004BF795 /* ViewController.swift */; };
		3DE93E521D886DBE004BF795 /* Main.storyboard in Resources */ = {isa = PBXBuildFile; fileRef = 3DE93E501D886DBE004BF795 /* Main.storyboard */; };
		3DE93E541D886DBE004BF795 /* Assets.xcassets in Resources */ = {isa = PBXBuildFile; fileRef = 3DE93E531D886DBE004BF795 /* Assets.xcassets */; };
		3DE93E571D886DBE004BF795 /* LaunchScreen.storyboard in Resources */ = {isa = PBXBuildFile; fileRef = 3DE93E551D886DBE004BF795 /* LaunchScreen.storyboard */; };
		3DE93E5F1D887788004BF795 /* pokemon.csv in Resources */ = {isa = PBXBuildFile; fileRef = 3DE93E5E1D887788004BF795 /* pokemon.csv */; };
		3DE93E621D8878E9004BF795 /* Pokemon.swift in Sources */ = {isa = PBXBuildFile; fileRef = 3DE93E611D8878E9004BF795 /* Pokemon.swift */; };
		3DE93E651D8925A1004BF795 /* PokeCell.swift in Sources */ = {isa = PBXBuildFile; fileRef = 3DE93E641D8925A1004BF795 /* PokeCell.swift */; };
		3DE93E671D89BA1B004BF795 /* csv.swift in Sources */ = {isa = PBXBuildFile; fileRef = 3DE93E661D89BA1B004BF795 /* csv.swift */; };
		3DE93E6C1D8A0FDA004BF795 /* pokemon.ttf in Resources */ = {isa = PBXBuildFile; fileRef = 3DE93E6B1D8A0FDA004BF795 /* pokemon.ttf */; };
		3DE93E6E1D8A1B8A004BF795 /* music.mp3 in Resources */ = {isa = PBXBuildFile; fileRef = 3DE93E6D1D8A1B8A004BF795 /* music.mp3 */; };
/* End PBXBuildFile section */

/* Begin PBXFileReference section */
		3D0116891D8E2AFD0078D731 /* PokemonDetailVC.swift */ = {isa = PBXFileReference; fileEncoding = 4; lastKnownFileType = sourcecode.swift; path = PokemonDetailVC.swift; sourceTree = "<group>"; };
		3DE93E491D886DBE004BF795 /* Pokedex.app */ = {isa = PBXFileReference; explicitFileType = wrapper.application; includeInIndex = 0; path = Pokedex.app; sourceTree = BUILT_PRODUCTS_DIR; };
		3DE93E4C1D886DBE004BF795 /* AppDelegate.swift */ = {isa = PBXFileReference; lastKnownFileType = sourcecode.swift; path = AppDelegate.swift; sourceTree = "<group>"; };
		3DE93E4E1D886DBE004BF795 /* ViewController.swift */ = {isa = PBXFileReference; lastKnownFileType = sourcecode.swift; path = ViewController.swift; sourceTree = "<group>"; };
		3DE93E511D886DBE004BF795 /* Base */ = {isa = PBXFileReference; lastKnownFileType = file.storyboard; name = Base; path = Base.lproj/Main.storyboard; sourceTree = "<group>"; };
		3DE93E531D886DBE004BF795 /* Assets.xcassets */ = {isa = PBXFileReference; lastKnownFileType = folder.assetcatalog; path = Assets.xcassets; sourceTree = "<group>"; };
		3DE93E561D886DBE004BF795 /* Base */ = {isa = PBXFileReference; lastKnownFileType = file.storyboard; name = Base; path = Base.lproj/LaunchScreen.storyboard; sourceTree = "<group>"; };
		3DE93E581D886DBE004BF795 /* Info.plist */ = {isa = PBXFileReference; lastKnownFileType = text.plist.xml; path = Info.plist; sourceTree = "<group>"; };
		3DE93E5E1D887788004BF795 /* pokemon.csv */ = {isa = PBXFileReference; fileEncoding = 4; lastKnownFileType = text; path = pokemon.csv; sourceTree = "<group>"; };
		3DE93E611D8878E9004BF795 /* Pokemon.swift */ = {isa = PBXFileReference; fileEncoding = 4; lastKnownFileType = sourcecode.swift; path = Pokemon.swift; sourceTree = "<group>"; };
		3DE93E641D8925A1004BF795 /* PokeCell.swift */ = {isa = PBXFileReference; fileEncoding = 4; lastKnownFileType = sourcecode.swift; path = PokeCell.swift; sourceTree = "<group>"; };
		3DE93E661D89BA1B004BF795 /* csv.swift */ = {isa = PBXFileReference; fileEncoding = 4; lastKnownFileType = sourcecode.swift; path = csv.swift; sourceTree = "<group>"; };
		3DE93E6B1D8A0FDA004BF795 /* pokemon.ttf */ = {isa = PBXFileReference; lastKnownFileType = file; path = pokemon.ttf; sourceTree = "<group>"; };
		3DE93E6D1D8A1B8A004BF795 /* music.mp3 */ = {isa = PBXFileReference; lastKnownFileType = audio.mp3; path = music.mp3; sourceTree = "<group>"; };
/* End PBXFileReference section */

/* Begin PBXFrameworksBuildPhase section */
		3DE93E461D886DBE004BF795 /* Frameworks */ = {
			isa = PBXFrameworksBuildPhase;
			buildActionMask = 2147483647;
			files = (
			);
			runOnlyForDeploymentPostprocessing = 0;
		};
/* End PBXFrameworksBuildPhase section */

/* Begin PBXGroup section */
		3DE93E401D886DBE004BF795 = {
			isa = PBXGroup;
			children = (
				3DE93E4B1D886DBE004BF795 /* Pokedex */,
				3DE93E4A1D886DBE004BF795 /* Products */,
			);
			sourceTree = "<group>";
		};
		3DE93E4A1D886DBE004BF795 /* Products */ = {
			isa = PBXGroup;
			children = (
				3DE93E491D886DBE004BF795 /* Pokedex.app */,
			);
			name = Products;
			sourceTree = "<group>";
		};
		3DE93E4B1D886DBE004BF795 /* Pokedex */ = {
			isa = PBXGroup;
			children = (
				3DE93E681D89BA94004BF795 /* Util */,
				3DE93E601D8878C4004BF795 /* Model */,
				3DE93E631D892557004BF795 /* View */,
				3DE93E691D89BACC004BF795 /* Controller */,
				3DE93E6A1D89BB13004BF795 /* Resources */,
				3DE93E4C1D886DBE004BF795 /* AppDelegate.swift */,
				3DE93E501D886DBE004BF795 /* Main.storyboard */,
				3DE93E531D886DBE004BF795 /* Assets.xcassets */,
				3DE93E551D886DBE004BF795 /* LaunchScreen.storyboard */,
				3DE93E581D886DBE004BF795 /* Info.plist */,
			);
			path = Pokedex;
			sourceTree = "<group>";
		};
		3DE93E601D8878C4004BF795 /* Model */ = {
			isa = PBXGroup;
			children = (
				3DE93E611D8878E9004BF795 /* Pokemon.swift */,
			);
			name = Model;
			sourceTree = "<group>";
		};
		3DE93E631D892557004BF795 /* View */ = {
			isa = PBXGroup;
			children = (
				3DE93E641D8925A1004BF795 /* PokeCell.swift */,
			);
			name = View;
			sourceTree = "<group>";
		};
		3DE93E681D89BA94004BF795 /* Util */ = {
			isa = PBXGroup;
			children = (
				3DE93E661D89BA1B004BF795 /* csv.swift */,
			);
			name = Util;
			sourceTree = "<group>";
		};
		3DE93E691D89BACC004BF795 /* Controller */ = {
			isa = PBXGroup;
			children = (
				3DE93E4E1D886DBE004BF795 /* ViewController.swift */,
				3D0116891D8E2AFD0078D731 /* PokemonDetailVC.swift */,
			);
			name = Controller;
			sourceTree = "<group>";
		};
		3DE93E6A1D89BB13004BF795 /* Resources */ = {
			isa = PBXGroup;
			children = (
				3DE93E6D1D8A1B8A004BF795 /* music.mp3 */,
				3DE93E6B1D8A0FDA004BF795 /* pokemon.ttf */,
				3DE93E5E1D887788004BF795 /* pokemon.csv */,
			);
			name = Resources;
			sourceTree = "<group>";
		};
/* End PBXGroup section */

/* Begin PBXNativeTarget section */
		3DE93E481D886DBE004BF795 /* Pokedex */ = {
			isa = PBXNativeTarget;
			buildConfigurationList = 3DE93E5B1D886DBE004BF795 /* Build configuration list for PBXNativeTarget "Pokedex" */;
			buildPhases = (
				3DE93E451D886DBE004BF795 /* Sources */,
				3DE93E461D886DBE004BF795 /* Frameworks */,
				3DE93E471D886DBE004BF795 /* Resources */,
			);
			buildRules = (
			);
			dependencies = (
			);
			name = Pokedex;
			productName = Pokedex;
			productReference = 3DE93E491D886DBE004BF795 /* Pokedex.app */;
			productType = "com.apple.product-type.application";
		};
/* End PBXNativeTarget section */

/* Begin PBXProject section */
		3DE93E411D886DBE004BF795 /* Project object */ = {
			isa = PBXProject;
			attributes = {
				LastSwiftUpdateCheck = 0730;
				LastUpgradeCheck = 0730;
				ORGANIZATIONNAME = "olalekan bisiriyu";
				TargetAttributes = {
					3DE93E481D886DBE004BF795 = {
						CreatedOnToolsVersion = 7.3.1;
						DevelopmentTeam = F59HX2GPK3;
						LastSwiftMigration = 0800;
					};
				};
			};
			buildConfigurationList = 3DE93E441D886DBE004BF795 /* Build configuration list for PBXProject "Pokedex" */;
			compatibilityVersion = "Xcode 3.2";
			developmentRegion = English;
			hasScannedForEncodings = 0;
			knownRegions = (
				en,
				Base,
			);
			mainGroup = 3DE93E401D886DBE004BF795;
			productRefGroup = 3DE93E4A1D886DBE004BF795 /* Products */;
			projectDirPath = "";
			projectRoot = "";
			targets = (
				3DE93E481D886DBE004BF795 /* Pokedex */,
			);
		};
/* End PBXProject section */

/* Begin PBXResourcesBuildPhase section */
		3DE93E471D886DBE004BF795 /* Resources */ = {
			isa = PBXResourcesBuildPhase;
			buildActionMask = 2147483647;
			files = (
				3DE93E6C1D8A0FDA004BF795 /* pokemon.ttf in Resources */,
				3DE93E571D886DBE004BF795 /* LaunchScreen.storyboard in Resources */,
				3DE93E6E1D8A1B8A004BF795 /* music.mp3 in Resources */,
				3DE93E541D886DBE004BF795 /* Assets.xcassets in Resources */,
				3DE93E5F1D887788004BF795 /* pokemon.csv in Resources */,
				3DE93E521D886DBE004BF795 /* Main.storyboard in Resources */,
			);
			runOnlyForDeploymentPostprocessing = 0;
		};
/* End PBXResourcesBuildPhase section */

/* Begin PBXSourcesBuildPhase section */
		3DE93E451D886DBE004BF795 /* Sources */ = {
			isa = PBXSourcesBuildPhase;
			buildActionMask = 2147483647;
			files = (
				3DE93E651D8925A1004BF795 /* PokeCell.swift in Sources */,
				3DE93E4F1D886DBE004BF795 /* ViewController.swift in Sources */,
				3DE93E4D1D886DBE004BF795 /* AppDelegate.swift in Sources */,
				3D01168A1D8E2AFD0078D731 /* PokemonDetailVC.swift in Sources */,
				3DE93E621D8878E9004BF795 /* Pokemon.swift in Sources */,
				3DE93E671D89BA1B004BF795 /* csv.swift in Sources */,
			);
			runOnlyForDeploymentPostprocessing = 0;
		};
/* End PBXSourcesBuildPhase section */

/* Begin PBXVariantGroup section */
		3DE93E501D886DBE004BF795 /* Main.storyboard */ = {
			isa = PBXVariantGroup;
			children = (
				3DE93E511D886DBE004BF795 /* Base */,
			);
			name = Main.storyboard;
			sourceTree = "<group>";
		};
		3DE93E551D886DBE004BF795 /* LaunchScreen.storyboard */ = {
			isa = PBXVariantGroup;
			children = (
				3DE93E561D886DBE004BF795 /* Base */,
			);
			name = LaunchScreen.storyboard;
			sourceTree = "<group>";
		};
/* End PBXVariantGroup section */

/* Begin XCBuildConfiguration section */
		3DE93E591D886DBE004BF795 /* Debug */ = {
			isa = XCBuildConfiguration;
			buildSettings = {
				ALWAYS_SEARCH_USER_PATHS = NO;
				CLANG_ANALYZER_NONNULL = YES;
				CLANG_CXX_LANGUAGE_STANDARD = "gnu++0x";
				CLANG_CXX_LIBRARY = "libc++";
				CLANG_ENABLE_MODULES = YES;
				CLANG_ENABLE_OBJC_ARC = YES;
				CLANG_WARN_BOOL_CONVERSION = YES;
				CLANG_WARN_CONSTANT_CONVERSION = YES;
				CLANG_WARN_DIRECT_OBJC_ISA_USAGE = YES_ERROR;
				CLANG_WARN_EMPTY_BODY = YES;
				CLANG_WARN_ENUM_CONVERSION = YES;
				CLANG_WARN_INT_CONVERSION = YES;
				CLANG_WARN_OBJC_ROOT_CLASS = YES_ERROR;
				CLANG_WARN_UNREACHABLE_CODE = YES;
				CLANG_WARN__DUPLICATE_METHOD_MATCH = YES;
				"CODE_SIGN_IDENTITY[sdk=iphoneos*]" = "iPhone Developer";
				COPY_PHASE_STRIP = NO;
				DEBUG_INFORMATION_FORMAT = dwarf;
				ENABLE_STRICT_OBJC_MSGSEND = YES;
				ENABLE_TESTABILITY = YES;
				GCC_C_LANGUAGE_STANDARD = gnu99;
				GCC_DYNAMIC_NO_PIC = NO;
				GCC_NO_COMMON_BLOCKS = YES;
				GCC_OPTIMIZATION_LEVEL = 0;
				GCC_PREPROCESSOR_DEFINITIONS = (
					"DEBUG=1",
					"$(inherited)",
				);
				GCC_WARN_64_TO_32_BIT_CONVERSION = YES;
				GCC_WARN_ABOUT_RETURN_TYPE = YES_ERROR;
				GCC_WARN_UNDECLARED_SELECTOR = YES;
				GCC_WARN_UNINITIALIZED_AUTOS = YES_AGGRESSIVE;
				GCC_WARN_UNUSED_FUNCTION = YES;
				GCC_WARN_UNUSED_VARIABLE = YES;
				IPHONEOS_DEPLOYMENT_TARGET = 9.3;
				MTL_ENABLE_DEBUG_INFO = YES;
				ONLY_ACTIVE_ARCH = YES;
				SDKROOT = iphoneos;
				SWIFT_OPTIMIZATION_LEVEL = "-Onone";
			};
			name = Debug;
		};
		3DE93E5A1D886DBE004BF795 /* Release */ = {
			isa = XCBuildConfiguration;
			buildSettings = {
				ALWAYS_SEARCH_USER_PATHS = NO;
				CLANG_ANALYZER_NONNULL = YES;
				CLANG_CXX_LANGUAGE_STANDARD = "gnu++0x";
				CLANG_CXX_LIBRARY = "libc++";
				CLANG_ENABLE_MODULES = YES;
				CLANG_ENABLE_OBJC_ARC = YES;
				CLANG_WARN_BOOL_CONVERSION = YES;
				CLANG_WARN_CONSTANT_CONVERSION = YES;
				CLANG_WARN_DIRECT_OBJC_ISA_USAGE = YES_ERROR;
				CLANG_WARN_EMPTY_BODY = YES;
				CLANG_WARN_ENUM_CONVERSION = YES;
				CLANG_WARN_INT_CONVERSION = YES;
				CLANG_WARN_OBJC_ROOT_CLASS = YES_ERROR;
				CLANG_WARN_UNREACHABLE_CODE = YES;
				CLANG_WARN__DUPLICATE_METHOD_MATCH = YES;
				"CODE_SIGN_IDENTITY[sdk=iphoneos*]" = "iPhone Developer";
				COPY_PHASE_STRIP = NO;
				DEBUG_INFORMATION_FORMAT = "dwarf-with-dsym";
				ENABLE_NS_ASSERTIONS = NO;
				ENABLE_STRICT_OBJC_MSGSEND = YES;
				GCC_C_LANGUAGE_STANDARD = gnu99;
				GCC_NO_COMMON_BLOCKS = YES;
				GCC_WARN_64_TO_32_BIT_CONVERSION = YES;
				GCC_WARN_ABOUT_RETURN_TYPE = YES_ERROR;
				GCC_WARN_UNDECLARED_SELECTOR = YES;
				GCC_WARN_UNINITIALIZED_AUTOS = YES_AGGRESSIVE;
				GCC_WARN_UNUSED_FUNCTION = YES;
				GCC_WARN_UNUSED_VARIABLE = YES;
				IPHONEOS_DEPLOYMENT_TARGET = 9.3;
				MTL_ENABLE_DEBUG_INFO = NO;
				SDKROOT = iphoneos;
				VALIDATE_PRODUCT = YES;
			};
			name = Release;
		};
		3DE93E5C1D886DBE004BF795 /* Debug */ = {
			isa = XCBuildConfiguration;
			buildSettings = {
				ASSETCATALOG_COMPILER_APPICON_NAME = AppIcon;
				INFOPLIST_FILE = Pokedex/Info.plist;
				LD_RUNPATH_SEARCH_PATHS = "$(inherited) @executable_path/Frameworks";
				PRODUCT_BUNDLE_IDENTIFIER = skadooo.Pokedex;
				PRODUCT_NAME = "$(TARGET_NAME)";
				SWIFT_VERSION = 2.3;
			};
			name = Debug;
		};
		3DE93E5D1D886DBE004BF795 /* Release */ = {
			isa = XCBuildConfiguration;
			buildSettings = {
				ASSETCATALOG_COMPILER_APPICON_NAME = AppIcon;
				INFOPLIST_FILE = Pokedex/Info.plist;
				LD_RUNPATH_SEARCH_PATHS = "$(inherited) @executable_path/Frameworks";
				PRODUCT_BUNDLE_IDENTIFIER = skadooo.Pokedex;
				PRODUCT_NAME = "$(TARGET_NAME)";
				SWIFT_VERSION = 2.3;
			};
			name = Release;
		};
/* End XCBuildConfiguration section */

/* Begin XCConfigurationList section */
		3DE93E441D886DBE004BF795 /* Build configuration list for PBXProject "Pokedex" */ = {
			isa = XCConfigurationList;
			buildConfigurations = (
				3DE93E591D886DBE004BF795 /* Debug */,
				3DE93E5A1D886DBE004BF795 /* Release */,
			);
			defaultConfigurationIsVisible = 0;
			defaultConfigurationName = Release;
		};
		3DE93E5B1D886DBE004BF795 /* Build configuration list for PBXNativeTarget "Pokedex" */ = {
			isa = XCConfigurationList;
			buildConfigurations = (
				3DE93E5C1D886DBE004BF795 /* Debug */,
				3DE93E5D1D886DBE004BF795 /* Release */,
			);
			defaultConfigurationIsVisible = 0;
			defaultConfigurationName = Release;
		};
/* End XCConfigurationList section */
	};
	rootObject = 3DE93E411D886DBE004BF795 /* Project object */;
}
